
Microsoft Visual Studio Solution File, Format Version 12.00
# Visual Studio 15
VisualStudioVersion = 15.0.27004.2008
MinimumVisualStudioVersion = 10.0.40219.1
Project("{FAE04EC0-301F-11D3-BF4B-00C04F79EFBC}") = "Projeto01_Lambda", "Projeto01_Lambda\Projeto01_Lambda.csproj", "{DA7F1505-9441-4BB5-A1CC-6A5861E22904}"
EndProject
Global
	GlobalSection(SolutionConfigurationPlatforms) = preSolution
		Debug|Any CPU = Debug|Any CPU
		Release|Any CPU = Release|Any CPU
	EndGlobalSection
	GlobalSection(ProjectConfigurationPlatforms) = postSolution
		{DA7F1505-9441-4BB5-A1CC-6A5861E22904}.Debug|Any CPU.ActiveCfg = Debug|Any CPU
		{DA7F1505-9441-4BB5-A1CC-6A5861E22904}.Debug|Any CPU.Build.0 = Debug|Any CPU
		{DA7F1505-9441-4BB5-A1CC-6A5861E22904}.Release|Any CPU.ActiveCfg = Release|Any CPU
		{DA7F1505-9441-4BB5-A1CC-6A5861E22904}.Release|Any CPU.Build.0 = Release|Any CPU
	EndGlobalSection
	GlobalSection(SolutionProperties) = preSolution
		HideSolutionNode = FALSE
	EndGlobalSection
	GlobalSection(ExtensibilityGlobals) = postSolution
		SolutionGuid = {E3AC4C8C-BD27-4ADF-BF83-D1F9A55802CD}
	EndGlobalSection
EndGlobal
