
Microsoft Visual Studio Solution File, Format Version 12.00
# Visual Studio 15
VisualStudioVersion = 15.0.27004.2008
MinimumVisualStudioVersion = 10.0.40219.1
Project("{FAE04EC0-301F-11D3-BF4B-00C04F79EFBC}") = "Projeto02_AspNetCore", "Projeto02_AspNetCore\Projeto02_AspNetCore.csproj", "{78BD4FB7-C468-4CF1-A1C3-17B433BC9467}"
EndProject
Global
	GlobalSection(SolutionConfigurationPlatforms) = preSolution
		Debug|Any CPU = Debug|Any CPU
		Release|Any CPU = Release|Any CPU
	EndGlobalSection
	GlobalSection(ProjectConfigurationPlatforms) = postSolution
		{78BD4FB7-C468-4CF1-A1C3-17B433BC9467}.Debug|Any CPU.ActiveCfg = Debug|Any CPU
		{78BD4FB7-C468-4CF1-A1C3-17B433BC9467}.Debug|Any CPU.Build.0 = Debug|Any CPU
		{78BD4FB7-C468-4CF1-A1C3-17B433BC9467}.Release|Any CPU.ActiveCfg = Release|Any CPU
		{78BD4FB7-C468-4CF1-A1C3-17B433BC9467}.Release|Any CPU.Build.0 = Release|Any CPU
	EndGlobalSection
	GlobalSection(SolutionProperties) = preSolution
		HideSolutionNode = FALSE
	EndGlobalSection
	GlobalSection(ExtensibilityGlobals) = postSolution
		SolutionGuid = {3BBBD96B-7ED2-43C1-80BE-CD9F6A2920E0}
	EndGlobalSection
EndGlobal
