
Microsoft Visual Studio Solution File, Format Version 12.00
# Visual Studio 15
VisualStudioVersion = 15.0.27004.2008
MinimumVisualStudioVersion = 10.0.40219.1
Project("{FAE04EC0-301F-11D3-BF4B-00C04F79EFBC}") = "Projeto01_ConsoleApp", "Projeto01_ConsoleApp\Projeto01_ConsoleApp.csproj", "{896CD73F-71A0-4866-9661-8A41F6E14466}"
EndProject
Project("{FAE04EC0-301F-11D3-BF4B-00C04F79EFBC}") = "Projeto02_Aplicacao", "Projeto02_Aplicacao\Projeto02_Aplicacao.csproj", "{EFB4EF22-3D6E-4A1B-8046-98CF3DE60D92}"
EndProject
Global
	GlobalSection(SolutionConfigurationPlatforms) = preSolution
		Debug|Any CPU = Debug|Any CPU
		Release|Any CPU = Release|Any CPU
	EndGlobalSection
	GlobalSection(ProjectConfigurationPlatforms) = postSolution
		{896CD73F-71A0-4866-9661-8A41F6E14466}.Debug|Any CPU.ActiveCfg = Debug|Any CPU
		{896CD73F-71A0-4866-9661-8A41F6E14466}.Debug|Any CPU.Build.0 = Debug|Any CPU
		{896CD73F-71A0-4866-9661-8A41F6E14466}.Release|Any CPU.ActiveCfg = Release|Any CPU
		{896CD73F-71A0-4866-9661-8A41F6E14466}.Release|Any CPU.Build.0 = Release|Any CPU
		{EFB4EF22-3D6E-4A1B-8046-98CF3DE60D92}.Debug|Any CPU.ActiveCfg = Debug|Any CPU
		{EFB4EF22-3D6E-4A1B-8046-98CF3DE60D92}.Debug|Any CPU.Build.0 = Debug|Any CPU
		{EFB4EF22-3D6E-4A1B-8046-98CF3DE60D92}.Release|Any CPU.ActiveCfg = Release|Any CPU
		{EFB4EF22-3D6E-4A1B-8046-98CF3DE60D92}.Release|Any CPU.Build.0 = Release|Any CPU
	EndGlobalSection
	GlobalSection(SolutionProperties) = preSolution
		HideSolutionNode = FALSE
	EndGlobalSection
	GlobalSection(ExtensibilityGlobals) = postSolution
		SolutionGuid = {3C1EB9B0-DC2B-477F-AAC3-383C2DF217DD}
	EndGlobalSection
EndGlobal
