
Microsoft Visual Studio Solution File, Format Version 12.00
# Visual Studio 15
VisualStudioVersion = 15.0.27004.2008
MinimumVisualStudioVersion = 10.0.40219.1
Project("{FAE04EC0-301F-11D3-BF4B-00C04F79EFBC}") = "Projeto01_IntroducaoWebAPI", "Projeto01_IntroducaoWebAPI\Projeto01_IntroducaoWebAPI.csproj", "{BE06E1A2-E5FA-452B-855B-55E8E035EECF}"
EndProject
Global
	GlobalSection(SolutionConfigurationPlatforms) = preSolution
		Debug|Any CPU = Debug|Any CPU
		Release|Any CPU = Release|Any CPU
	EndGlobalSection
	GlobalSection(ProjectConfigurationPlatforms) = postSolution
		{BE06E1A2-E5FA-452B-855B-55E8E035EECF}.Debug|Any CPU.ActiveCfg = Debug|Any CPU
		{BE06E1A2-E5FA-452B-855B-55E8E035EECF}.Debug|Any CPU.Build.0 = Debug|Any CPU
		{BE06E1A2-E5FA-452B-855B-55E8E035EECF}.Release|Any CPU.ActiveCfg = Release|Any CPU
		{BE06E1A2-E5FA-452B-855B-55E8E035EECF}.Release|Any CPU.Build.0 = Release|Any CPU
	EndGlobalSection
	GlobalSection(SolutionProperties) = preSolution
		HideSolutionNode = FALSE
	EndGlobalSection
	GlobalSection(ExtensibilityGlobals) = postSolution
		SolutionGuid = {63142E1C-ADEF-43CE-85D8-B5DE15CC7F52}
	EndGlobalSection
EndGlobal
