
Microsoft Visual Studio Solution File, Format Version 12.00
# Visual Studio 15
VisualStudioVersion = 15.0.27703.2018
MinimumVisualStudioVersion = 10.0.40219.1
Project("{FAE04EC0-301F-11D3-BF4B-00C04F79EFBC}") = "LiveDemoAPIREST", "LiveDemoAPIREST\LiveDemoAPIREST.csproj", "{B2524D85-60E0-4FA3-8762-EB02538F6497}"
EndProject
Global
	GlobalSection(SolutionConfigurationPlatforms) = preSolution
		Debug|Any CPU = Debug|Any CPU
		Release|Any CPU = Release|Any CPU
	EndGlobalSection
	GlobalSection(ProjectConfigurationPlatforms) = postSolution
		{B2524D85-60E0-4FA3-8762-EB02538F6497}.Debug|Any CPU.ActiveCfg = Debug|Any CPU
		{B2524D85-60E0-4FA3-8762-EB02538F6497}.Debug|Any CPU.Build.0 = Debug|Any CPU
		{B2524D85-60E0-4FA3-8762-EB02538F6497}.Release|Any CPU.ActiveCfg = Release|Any CPU
		{B2524D85-60E0-4FA3-8762-EB02538F6497}.Release|Any CPU.Build.0 = Release|Any CPU
	EndGlobalSection
	GlobalSection(SolutionProperties) = preSolution
		HideSolutionNode = FALSE
	EndGlobalSection
	GlobalSection(ExtensibilityGlobals) = postSolution
		SolutionGuid = {A4B59E36-255F-4302-90F3-0F2901A7C26A}
	EndGlobalSection
EndGlobal
